
Microsoft Visual Studio Solution File, Format Version 12.00
# Visual Studio Version 16
VisualStudioVersion = 16.0.28803.156
MinimumVisualStudioVersion = 10.0.40219.1
Project("{9A19103F-16F7-4668-BE54-9A1E7A4F7556}") = "08_MIlitaryElit", "TestConsoleAppCreate\08_MIlitaryElit.csproj", "{D9DE147F-8C97-4C91-9203-B5260D5B721A}"
EndProject
Project("{9A19103F-16F7-4668-BE54-9A1E7A4F7556}") = "09_CollectionHierarchy", "09_CollectionHierarchy\09_CollectionHierarchy.csproj", "{A80DCFF6-319E-4686-842D-8D4912CD5902}"
EndProject
Project("{2150E333-8FDC-42A3-9474-1A3956D46DE8}") = "Problem_08", "Problem_08", "{253D1C54-8A42-4BC2-B016-50AC5B9F8B4B}"
EndProject
Project("{2150E333-8FDC-42A3-9474-1A3956D46DE8}") = "Problem_09", "Problem_09", "{FB769ECE-0AE8-4C62-BFBA-67AD43DEE98C}"
EndProject
Project("{2150E333-8FDC-42A3-9474-1A3956D46DE8}") = "Problem_10", "Problem_10", "{3AEA68B1-6613-4EDE-89E0-649AC386FFAB}"
EndProject
Project("{9A19103F-16F7-4668-BE54-9A1E7A4F7556}") = "10_ExplicitInterfaces", "10_ExplicitInterfaces\10_ExplicitInterfaces.csproj", "{596A6E15-A408-4DF8-8D62-D67B5CB7B6C4}"
EndProject
Project("{2150E333-8FDC-42A3-9474-1A3956D46DE8}") = "Conditions", "Conditions", "{3622B97E-9315-4263-A96C-3A8654C478CF}"
	ProjectSection(SolutionItems) = preProject
		..\..\..\Install\05. CSharp-OOP-Basics-Interfaces-And-Abstraction-Exercises.docx = ..\..\..\Install\05. CSharp-OOP-Basics-Interfaces-And-Abstraction-Exercises.docx
	EndProjectSection
EndProject
Project("{2150E333-8FDC-42A3-9474-1A3956D46DE8}") = "InterfaceAndAbstraction", "InterfaceAndAbstraction", "{6D7CBCDD-9205-4B63-8C6A-F25626083AB8}"
EndProject
Project("{2150E333-8FDC-42A3-9474-1A3956D46DE8}") = "Polymorphism", "Polymorphism", "{7B0D5217-153B-4CA6-9615-10C8D5BFEA32}"
EndProject
Project("{2150E333-8FDC-42A3-9474-1A3956D46DE8}") = "Polymorphism_Lab", "Polymorphism_Lab", "{51350A4F-F3ED-4285-BE12-9068976A87CC}"
EndProject
Project("{2150E333-8FDC-42A3-9474-1A3956D46DE8}") = "Polymorphism_Exercise", "Polymorphism_Exercise", "{C0148531-94D6-499E-B3EA-B555835D6AF7}"
EndProject
Project("{9A19103F-16F7-4668-BE54-9A1E7A4F7556}") = "01_MathOperations", "01_MathOperations\01_MathOperations.csproj", "{DD6BCC08-0894-42B6-BCF2-1CECBEBFC298}"
EndProject
Project("{9A19103F-16F7-4668-BE54-9A1E7A4F7556}") = "02_Animals", "02_Animals\02_Animals.csproj", "{4ACF5E16-285B-4B1B-BA63-16FCB00D5971}"
EndProject
Project("{9A19103F-16F7-4668-BE54-9A1E7A4F7556}") = "03_Shapes", "03_Shapes\03_Shapes.csproj", "{69557867-C117-4B80-A46D-CC1756584A7E}"
EndProject
Project("{2150E333-8FDC-42A3-9474-1A3956D46DE8}") = "ProblemDescriptions", "ProblemDescriptions", "{5CE35201-0F94-4A20-8ACA-3B3CC4A5CD90}"
	ProjectSection(SolutionItems) = preProject
		..\..\..\Install\06. CSharp-OOP-Basics-Polymorphism-Lab.docx = ..\..\..\Install\06. CSharp-OOP-Basics-Polymorphism-Lab.docx
	EndProjectSection
EndProject
Project("{2150E333-8FDC-42A3-9474-1A3956D46DE8}") = "01_Vehicles", "01_Vehicles", "{362EA807-C451-4F5B-8699-D79DD57B2690}"
EndProject
Project("{9A19103F-16F7-4668-BE54-9A1E7A4F7556}") = "01_Vehicles", "01_Vehicles\01_Vehicles.csproj", "{26C96A9F-0CCA-4A43-9383-887F40532915}"
EndProject
Project("{2150E333-8FDC-42A3-9474-1A3956D46DE8}") = "02_VehicleExtension", "02_VehicleExtension", "{02BEC473-ECE1-4435-A978-5E529AB2604B}"
EndProject
Project("{9A19103F-16F7-4668-BE54-9A1E7A4F7556}") = "VehiclesExtension", "VehiclesExtension\VehiclesExtension.csproj", "{A448A379-D548-49DC-B8BF-3535C2EDC011}"
EndProject
Project("{2150E333-8FDC-42A3-9474-1A3956D46DE8}") = "03_WildFarm", "03_WildFarm", "{3AEDFCD9-4522-420B-A5C6-4907F6557DB9}"
EndProject
Project("{FAE04EC0-301F-11D3-BF4B-00C04F79EFBC}") = "_03_WildFarm", "_03_WildFarm\_03_WildFarm.csproj", "{6D179187-2538-4AA5-85CC-909216C7A776}"
EndProject
Global
	GlobalSection(SolutionConfigurationPlatforms) = preSolution
		Debug|Any CPU = Debug|Any CPU
		Release|Any CPU = Release|Any CPU
	EndGlobalSection
	GlobalSection(ProjectConfigurationPlatforms) = postSolution
		{D9DE147F-8C97-4C91-9203-B5260D5B721A}.Debug|Any CPU.ActiveCfg = Debug|Any CPU
		{D9DE147F-8C97-4C91-9203-B5260D5B721A}.Debug|Any CPU.Build.0 = Debug|Any CPU
		{D9DE147F-8C97-4C91-9203-B5260D5B721A}.Release|Any CPU.ActiveCfg = Release|Any CPU
		{D9DE147F-8C97-4C91-9203-B5260D5B721A}.Release|Any CPU.Build.0 = Release|Any CPU
		{A80DCFF6-319E-4686-842D-8D4912CD5902}.Debug|Any CPU.ActiveCfg = Debug|Any CPU
		{A80DCFF6-319E-4686-842D-8D4912CD5902}.Debug|Any CPU.Build.0 = Debug|Any CPU
		{A80DCFF6-319E-4686-842D-8D4912CD5902}.Release|Any CPU.ActiveCfg = Release|Any CPU
		{A80DCFF6-319E-4686-842D-8D4912CD5902}.Release|Any CPU.Build.0 = Release|Any CPU
		{596A6E15-A408-4DF8-8D62-D67B5CB7B6C4}.Debug|Any CPU.ActiveCfg = Debug|Any CPU
		{596A6E15-A408-4DF8-8D62-D67B5CB7B6C4}.Debug|Any CPU.Build.0 = Debug|Any CPU
		{596A6E15-A408-4DF8-8D62-D67B5CB7B6C4}.Release|Any CPU.ActiveCfg = Release|Any CPU
		{596A6E15-A408-4DF8-8D62-D67B5CB7B6C4}.Release|Any CPU.Build.0 = Release|Any CPU
		{DD6BCC08-0894-42B6-BCF2-1CECBEBFC298}.Debug|Any CPU.ActiveCfg = Debug|Any CPU
		{DD6BCC08-0894-42B6-BCF2-1CECBEBFC298}.Debug|Any CPU.Build.0 = Debug|Any CPU
		{DD6BCC08-0894-42B6-BCF2-1CECBEBFC298}.Release|Any CPU.ActiveCfg = Release|Any CPU
		{DD6BCC08-0894-42B6-BCF2-1CECBEBFC298}.Release|Any CPU.Build.0 = Release|Any CPU
		{4ACF5E16-285B-4B1B-BA63-16FCB00D5971}.Debug|Any CPU.ActiveCfg = Debug|Any CPU
		{4ACF5E16-285B-4B1B-BA63-16FCB00D5971}.Debug|Any CPU.Build.0 = Debug|Any CPU
		{4ACF5E16-285B-4B1B-BA63-16FCB00D5971}.Release|Any CPU.ActiveCfg = Release|Any CPU
		{4ACF5E16-285B-4B1B-BA63-16FCB00D5971}.Release|Any CPU.Build.0 = Release|Any CPU
		{69557867-C117-4B80-A46D-CC1756584A7E}.Debug|Any CPU.ActiveCfg = Debug|Any CPU
		{69557867-C117-4B80-A46D-CC1756584A7E}.Debug|Any CPU.Build.0 = Debug|Any CPU
		{69557867-C117-4B80-A46D-CC1756584A7E}.Release|Any CPU.ActiveCfg = Release|Any CPU
		{69557867-C117-4B80-A46D-CC1756584A7E}.Release|Any CPU.Build.0 = Release|Any CPU
		{26C96A9F-0CCA-4A43-9383-887F40532915}.Debug|Any CPU.ActiveCfg = Debug|Any CPU
		{26C96A9F-0CCA-4A43-9383-887F40532915}.Debug|Any CPU.Build.0 = Debug|Any CPU
		{26C96A9F-0CCA-4A43-9383-887F40532915}.Release|Any CPU.ActiveCfg = Release|Any CPU
		{26C96A9F-0CCA-4A43-9383-887F40532915}.Release|Any CPU.Build.0 = Release|Any CPU
		{A448A379-D548-49DC-B8BF-3535C2EDC011}.Debug|Any CPU.ActiveCfg = Debug|Any CPU
		{A448A379-D548-49DC-B8BF-3535C2EDC011}.Debug|Any CPU.Build.0 = Debug|Any CPU
		{A448A379-D548-49DC-B8BF-3535C2EDC011}.Release|Any CPU.ActiveCfg = Release|Any CPU
		{A448A379-D548-49DC-B8BF-3535C2EDC011}.Release|Any CPU.Build.0 = Release|Any CPU
		{6D179187-2538-4AA5-85CC-909216C7A776}.Debug|Any CPU.ActiveCfg = Debug|Any CPU
		{6D179187-2538-4AA5-85CC-909216C7A776}.Debug|Any CPU.Build.0 = Debug|Any CPU
		{6D179187-2538-4AA5-85CC-909216C7A776}.Release|Any CPU.ActiveCfg = Release|Any CPU
		{6D179187-2538-4AA5-85CC-909216C7A776}.Release|Any CPU.Build.0 = Release|Any CPU
	EndGlobalSection
	GlobalSection(SolutionProperties) = preSolution
		HideSolutionNode = FALSE
	EndGlobalSection
	GlobalSection(NestedProjects) = preSolution
		{D9DE147F-8C97-4C91-9203-B5260D5B721A} = {253D1C54-8A42-4BC2-B016-50AC5B9F8B4B}
		{A80DCFF6-319E-4686-842D-8D4912CD5902} = {FB769ECE-0AE8-4C62-BFBA-67AD43DEE98C}
		{253D1C54-8A42-4BC2-B016-50AC5B9F8B4B} = {6D7CBCDD-9205-4B63-8C6A-F25626083AB8}
		{FB769ECE-0AE8-4C62-BFBA-67AD43DEE98C} = {6D7CBCDD-9205-4B63-8C6A-F25626083AB8}
		{3AEA68B1-6613-4EDE-89E0-649AC386FFAB} = {6D7CBCDD-9205-4B63-8C6A-F25626083AB8}
		{596A6E15-A408-4DF8-8D62-D67B5CB7B6C4} = {3AEA68B1-6613-4EDE-89E0-649AC386FFAB}
		{3622B97E-9315-4263-A96C-3A8654C478CF} = {6D7CBCDD-9205-4B63-8C6A-F25626083AB8}
		{51350A4F-F3ED-4285-BE12-9068976A87CC} = {7B0D5217-153B-4CA6-9615-10C8D5BFEA32}
		{C0148531-94D6-499E-B3EA-B555835D6AF7} = {7B0D5217-153B-4CA6-9615-10C8D5BFEA32}
		{DD6BCC08-0894-42B6-BCF2-1CECBEBFC298} = {51350A4F-F3ED-4285-BE12-9068976A87CC}
		{4ACF5E16-285B-4B1B-BA63-16FCB00D5971} = {51350A4F-F3ED-4285-BE12-9068976A87CC}
		{69557867-C117-4B80-A46D-CC1756584A7E} = {51350A4F-F3ED-4285-BE12-9068976A87CC}
		{5CE35201-0F94-4A20-8ACA-3B3CC4A5CD90} = {51350A4F-F3ED-4285-BE12-9068976A87CC}
		{362EA807-C451-4F5B-8699-D79DD57B2690} = {C0148531-94D6-499E-B3EA-B555835D6AF7}
		{26C96A9F-0CCA-4A43-9383-887F40532915} = {362EA807-C451-4F5B-8699-D79DD57B2690}
		{02BEC473-ECE1-4435-A978-5E529AB2604B} = {C0148531-94D6-499E-B3EA-B555835D6AF7}
		{A448A379-D548-49DC-B8BF-3535C2EDC011} = {02BEC473-ECE1-4435-A978-5E529AB2604B}
		{3AEDFCD9-4522-420B-A5C6-4907F6557DB9} = {C0148531-94D6-499E-B3EA-B555835D6AF7}
		{6D179187-2538-4AA5-85CC-909216C7A776} = {3AEDFCD9-4522-420B-A5C6-4907F6557DB9}
	EndGlobalSection
	GlobalSection(ExtensibilityGlobals) = postSolution
		SolutionGuid = {5B837AC4-2F6C-4750-8424-806C9D81F4D5}
	EndGlobalSection
EndGlobal
